
Microsoft Visual Studio Solution File, Format Version 12.00
# Visual Studio 15
VisualStudioVersion = 15.0.27703.2026
MinimumVisualStudioVersion = 10.0.40219.1
Project("{FAE04EC0-301F-11D3-BF4B-00C04F79EFBC}") = "NoiseEvent", "NoiseEvent\NoiseEvent.csproj", "{6376B52D-CABB-44A1-8FBE-A891F1E6C343}"
EndProject
Project("{E53339B2-1760-4266-BCC7-CA923CBCF16C}") = "docker-compose", "docker-compose.dcproj", "{9FB2F396-7936-40FF-A083-90D92B2B067A}"
EndProject
Global
	GlobalSection(SolutionConfigurationPlatforms) = preSolution
		Debug|Any CPU = Debug|Any CPU
		Release|Any CPU = Release|Any CPU
	EndGlobalSection
	GlobalSection(ProjectConfigurationPlatforms) = postSolution
		{6376B52D-CABB-44A1-8FBE-A891F1E6C343}.Debug|Any CPU.ActiveCfg = Debug|Any CPU
		{6376B52D-CABB-44A1-8FBE-A891F1E6C343}.Debug|Any CPU.Build.0 = Debug|Any CPU
		{6376B52D-CABB-44A1-8FBE-A891F1E6C343}.Release|Any CPU.ActiveCfg = Release|Any CPU
		{6376B52D-CABB-44A1-8FBE-A891F1E6C343}.Release|Any CPU.Build.0 = Release|Any CPU
		{9FB2F396-7936-40FF-A083-90D92B2B067A}.Debug|Any CPU.ActiveCfg = Debug|Any CPU
		{9FB2F396-7936-40FF-A083-90D92B2B067A}.Debug|Any CPU.Build.0 = Debug|Any CPU
		{9FB2F396-7936-40FF-A083-90D92B2B067A}.Release|Any CPU.ActiveCfg = Release|Any CPU
		{9FB2F396-7936-40FF-A083-90D92B2B067A}.Release|Any CPU.Build.0 = Release|Any CPU
	EndGlobalSection
	GlobalSection(SolutionProperties) = preSolution
		HideSolutionNode = FALSE
	EndGlobalSection
	GlobalSection(ExtensibilityGlobals) = postSolution
		SolutionGuid = {981476A2-E72F-4698-8124-34271A5585F4}
	EndGlobalSection
EndGlobal
